
Microsoft Visual Studio Solution File, Format Version 12.00
# Visual Studio Version 16
VisualStudioVersion = 16.0.29613.14
MinimumVisualStudioVersion = 10.0.40219.1
Project("{FAE04EC0-301F-11D3-BF4B-00C04F79EFBC}") = "MVC_APIs", "MVC_APIs.csproj", "{3261123D-C402-47C9-84BF-0CD84C3C2AF2}"
EndProject
Project("{FAE04EC0-301F-11D3-BF4B-00C04F79EFBC}") = "APIs", "APIs\APIs.csproj", "{2E27D5A5-DD77-4CA7-9E23-5558FFC17D03}"
EndProject
Global
	GlobalSection(SolutionConfigurationPlatforms) = preSolution
		Debug|Any CPU = Debug|Any CPU
		Release|Any CPU = Release|Any CPU
	EndGlobalSection
	GlobalSection(ProjectConfigurationPlatforms) = postSolution
		{3261123D-C402-47C9-84BF-0CD84C3C2AF2}.Debug|Any CPU.ActiveCfg = Debug|Any CPU
		{3261123D-C402-47C9-84BF-0CD84C3C2AF2}.Debug|Any CPU.Build.0 = Debug|Any CPU
		{3261123D-C402-47C9-84BF-0CD84C3C2AF2}.Release|Any CPU.ActiveCfg = Release|Any CPU
		{3261123D-C402-47C9-84BF-0CD84C3C2AF2}.Release|Any CPU.Build.0 = Release|Any CPU
		{2E27D5A5-DD77-4CA7-9E23-5558FFC17D03}.Debug|Any CPU.ActiveCfg = Debug|Any CPU
		{2E27D5A5-DD77-4CA7-9E23-5558FFC17D03}.Debug|Any CPU.Build.0 = Debug|Any CPU
		{2E27D5A5-DD77-4CA7-9E23-5558FFC17D03}.Release|Any CPU.ActiveCfg = Release|Any CPU
		{2E27D5A5-DD77-4CA7-9E23-5558FFC17D03}.Release|Any CPU.Build.0 = Release|Any CPU
	EndGlobalSection
	GlobalSection(SolutionProperties) = preSolution
		HideSolutionNode = FALSE
	EndGlobalSection
	GlobalSection(ExtensibilityGlobals) = postSolution
		SolutionGuid = {70570A2A-2AB9-453E-B9B6-C035D280857A}
	EndGlobalSection
EndGlobal
